
Microsoft Visual Studio Solution File, Format Version 12.00
# Visual Studio Version 16
VisualStudioVersion = 16.0.30413.136
MinimumVisualStudioVersion = 10.0.40219.1
Project("{9A19103F-16F7-4668-BE54-9A1E7A4F7556}") = "Markdown.Avalonia", "Markdown.Avalonia\Markdown.Avalonia.csproj", "{B5FBF669-6012-4A62-9EAC-9ECB7BD599FC}"
EndProject
Project("{9A19103F-16F7-4668-BE54-9A1E7A4F7556}") = "ColorTextBlock.Avalonia", "ColorTextBlock.Avalonia\ColorTextBlock.Avalonia.csproj", "{E4F9286F-A812-476E-A37D-EE2B8ED5D958}"
EndProject
Project("{9A19103F-16F7-4668-BE54-9A1E7A4F7556}") = "Markdown.AvaloniaDemo", "Markdown.AvaloniaDemo\Markdown.AvaloniaDemo.csproj", "{51318A0F-CB37-4DA2-8AE1-BB985B0A4028}"
EndProject
Project("{9A19103F-16F7-4668-BE54-9A1E7A4F7556}") = "Markdown.AvaloniaFluentDemo", "Markdown.AvaloniaFluentDemo\Markdown.AvaloniaFluentDemo.csproj", "{BC6B016B-B353-4E73-A98E-556DC70E5850}"
EndProject
Project("{2150E333-8FDC-42A3-9474-1A3956D46DE8}") = "tests", "tests", "{AD84CF32-2208-43FD-95CE-31DF8DFEB2CD}"
EndProject
Project("{9A19103F-16F7-4668-BE54-9A1E7A4F7556}") = "UnitTest.Base", "tests\UnitTest.Base\UnitTest.Base.csproj", "{B5F20CDD-025F-4BD8-A1AF-0F3EC9B6E8E4}"
EndProject
Project("{9A19103F-16F7-4668-BE54-9A1E7A4F7556}") = "UnitTest.CTxt", "tests\UnitTest.Ctxt\UnitTest.CTxt.csproj", "{A3A5D851-4041-403A-95F9-F4ADBA9602A0}"
EndProject
Project("{9A19103F-16F7-4668-BE54-9A1E7A4F7556}") = "UnitTest.Md", "tests\UnitTest.Md\UnitTest.Md.csproj", "{C763BC05-5587-479E-8225-AA33F1F8F55B}"
EndProject
Global
	GlobalSection(SolutionConfigurationPlatforms) = preSolution
		Debug|Any CPU = Debug|Any CPU
		Debug|x64 = Debug|x64
		Debug|x86 = Debug|x86
		Release|Any CPU = Release|Any CPU
		Release|x64 = Release|x64
		Release|x86 = Release|x86
	EndGlobalSection
	GlobalSection(ProjectConfigurationPlatforms) = postSolution
		{B5FBF669-6012-4A62-9EAC-9ECB7BD599FC}.Debug|Any CPU.ActiveCfg = Debug|Any CPU
		{B5FBF669-6012-4A62-9EAC-9ECB7BD599FC}.Debug|Any CPU.Build.0 = Debug|Any CPU
		{B5FBF669-6012-4A62-9EAC-9ECB7BD599FC}.Debug|x64.ActiveCfg = Debug|Any CPU
		{B5FBF669-6012-4A62-9EAC-9ECB7BD599FC}.Debug|x64.Build.0 = Debug|Any CPU
		{B5FBF669-6012-4A62-9EAC-9ECB7BD599FC}.Debug|x86.ActiveCfg = Debug|Any CPU
		{B5FBF669-6012-4A62-9EAC-9ECB7BD599FC}.Debug|x86.Build.0 = Debug|Any CPU
		{B5FBF669-6012-4A62-9EAC-9ECB7BD599FC}.Release|Any CPU.ActiveCfg = Release|Any CPU
		{B5FBF669-6012-4A62-9EAC-9ECB7BD599FC}.Release|Any CPU.Build.0 = Release|Any CPU
		{B5FBF669-6012-4A62-9EAC-9ECB7BD599FC}.Release|x64.ActiveCfg = Release|Any CPU
		{B5FBF669-6012-4A62-9EAC-9ECB7BD599FC}.Release|x64.Build.0 = Release|Any CPU
		{B5FBF669-6012-4A62-9EAC-9ECB7BD599FC}.Release|x86.ActiveCfg = Release|Any CPU
		{B5FBF669-6012-4A62-9EAC-9ECB7BD599FC}.Release|x86.Build.0 = Release|Any CPU
		{E4F9286F-A812-476E-A37D-EE2B8ED5D958}.Debug|Any CPU.ActiveCfg = Debug|Any CPU
		{E4F9286F-A812-476E-A37D-EE2B8ED5D958}.Debug|Any CPU.Build.0 = Debug|Any CPU
		{E4F9286F-A812-476E-A37D-EE2B8ED5D958}.Debug|x64.ActiveCfg = Debug|Any CPU
		{E4F9286F-A812-476E-A37D-EE2B8ED5D958}.Debug|x64.Build.0 = Debug|Any CPU
		{E4F9286F-A812-476E-A37D-EE2B8ED5D958}.Debug|x86.ActiveCfg = Debug|Any CPU
		{E4F9286F-A812-476E-A37D-EE2B8ED5D958}.Debug|x86.Build.0 = Debug|Any CPU
		{E4F9286F-A812-476E-A37D-EE2B8ED5D958}.Release|Any CPU.ActiveCfg = Release|Any CPU
		{E4F9286F-A812-476E-A37D-EE2B8ED5D958}.Release|Any CPU.Build.0 = Release|Any CPU
		{E4F9286F-A812-476E-A37D-EE2B8ED5D958}.Release|x64.ActiveCfg = Release|Any CPU
		{E4F9286F-A812-476E-A37D-EE2B8ED5D958}.Release|x64.Build.0 = Release|Any CPU
		{E4F9286F-A812-476E-A37D-EE2B8ED5D958}.Release|x86.ActiveCfg = Release|Any CPU
		{E4F9286F-A812-476E-A37D-EE2B8ED5D958}.Release|x86.Build.0 = Release|Any CPU
		{51318A0F-CB37-4DA2-8AE1-BB985B0A4028}.Debug|Any CPU.ActiveCfg = Debug|Any CPU
		{51318A0F-CB37-4DA2-8AE1-BB985B0A4028}.Debug|Any CPU.Build.0 = Debug|Any CPU
		{51318A0F-CB37-4DA2-8AE1-BB985B0A4028}.Debug|x64.ActiveCfg = Debug|Any CPU
		{51318A0F-CB37-4DA2-8AE1-BB985B0A4028}.Debug|x64.Build.0 = Debug|Any CPU
		{51318A0F-CB37-4DA2-8AE1-BB985B0A4028}.Debug|x86.ActiveCfg = Debug|Any CPU
		{51318A0F-CB37-4DA2-8AE1-BB985B0A4028}.Debug|x86.Build.0 = Debug|Any CPU
		{51318A0F-CB37-4DA2-8AE1-BB985B0A4028}.Release|Any CPU.ActiveCfg = Release|Any CPU
		{51318A0F-CB37-4DA2-8AE1-BB985B0A4028}.Release|Any CPU.Build.0 = Release|Any CPU
		{51318A0F-CB37-4DA2-8AE1-BB985B0A4028}.Release|x64.ActiveCfg = Release|Any CPU
		{51318A0F-CB37-4DA2-8AE1-BB985B0A4028}.Release|x64.Build.0 = Release|Any CPU
		{51318A0F-CB37-4DA2-8AE1-BB985B0A4028}.Release|x86.ActiveCfg = Release|Any CPU
		{51318A0F-CB37-4DA2-8AE1-BB985B0A4028}.Release|x86.Build.0 = Release|Any CPU
		{BC6B016B-B353-4E73-A98E-556DC70E5850}.Debug|Any CPU.ActiveCfg = Debug|Any CPU
		{BC6B016B-B353-4E73-A98E-556DC70E5850}.Debug|Any CPU.Build.0 = Debug|Any CPU
		{BC6B016B-B353-4E73-A98E-556DC70E5850}.Debug|x64.ActiveCfg = Debug|Any CPU
		{BC6B016B-B353-4E73-A98E-556DC70E5850}.Debug|x64.Build.0 = Debug|Any CPU
		{BC6B016B-B353-4E73-A98E-556DC70E5850}.Debug|x86.ActiveCfg = Debug|Any CPU
		{BC6B016B-B353-4E73-A98E-556DC70E5850}.Debug|x86.Build.0 = Debug|Any CPU
		{BC6B016B-B353-4E73-A98E-556DC70E5850}.Release|Any CPU.ActiveCfg = Release|Any CPU
		{BC6B016B-B353-4E73-A98E-556DC70E5850}.Release|Any CPU.Build.0 = Release|Any CPU
		{BC6B016B-B353-4E73-A98E-556DC70E5850}.Release|x64.ActiveCfg = Release|Any CPU
		{BC6B016B-B353-4E73-A98E-556DC70E5850}.Release|x64.Build.0 = Release|Any CPU
		{BC6B016B-B353-4E73-A98E-556DC70E5850}.Release|x86.ActiveCfg = Release|Any CPU
		{BC6B016B-B353-4E73-A98E-556DC70E5850}.Release|x86.Build.0 = Release|Any CPU
		{B5F20CDD-025F-4BD8-A1AF-0F3EC9B6E8E4}.Debug|Any CPU.ActiveCfg = Debug|Any CPU
		{B5F20CDD-025F-4BD8-A1AF-0F3EC9B6E8E4}.Debug|Any CPU.Build.0 = Debug|Any CPU
		{B5F20CDD-025F-4BD8-A1AF-0F3EC9B6E8E4}.Debug|x64.ActiveCfg = Debug|Any CPU
		{B5F20CDD-025F-4BD8-A1AF-0F3EC9B6E8E4}.Debug|x64.Build.0 = Debug|Any CPU
		{B5F20CDD-025F-4BD8-A1AF-0F3EC9B6E8E4}.Debug|x86.ActiveCfg = Debug|Any CPU
		{B5F20CDD-025F-4BD8-A1AF-0F3EC9B6E8E4}.Debug|x86.Build.0 = Debug|Any CPU
		{B5F20CDD-025F-4BD8-A1AF-0F3EC9B6E8E4}.Release|Any CPU.ActiveCfg = Release|Any CPU
		{B5F20CDD-025F-4BD8-A1AF-0F3EC9B6E8E4}.Release|Any CPU.Build.0 = Release|Any CPU
		{B5F20CDD-025F-4BD8-A1AF-0F3EC9B6E8E4}.Release|x64.ActiveCfg = Release|Any CPU
		{B5F20CDD-025F-4BD8-A1AF-0F3EC9B6E8E4}.Release|x64.Build.0 = Release|Any CPU
		{B5F20CDD-025F-4BD8-A1AF-0F3EC9B6E8E4}.Release|x86.ActiveCfg = Release|Any CPU
		{B5F20CDD-025F-4BD8-A1AF-0F3EC9B6E8E4}.Release|x86.Build.0 = Release|Any CPU
		{A3A5D851-4041-403A-95F9-F4ADBA9602A0}.Debug|Any CPU.ActiveCfg = Debug|Any CPU
		{A3A5D851-4041-403A-95F9-F4ADBA9602A0}.Debug|Any CPU.Build.0 = Debug|Any CPU
		{A3A5D851-4041-403A-95F9-F4ADBA9602A0}.Debug|x64.ActiveCfg = Debug|Any CPU
		{A3A5D851-4041-403A-95F9-F4ADBA9602A0}.Debug|x64.Build.0 = Debug|Any CPU
		{A3A5D851-4041-403A-95F9-F4ADBA9602A0}.Debug|x86.ActiveCfg = Debug|Any CPU
		{A3A5D851-4041-403A-95F9-F4ADBA9602A0}.Debug|x86.Build.0 = Debug|Any CPU
		{A3A5D851-4041-403A-95F9-F4ADBA9602A0}.Release|Any CPU.ActiveCfg = Release|Any CPU
		{A3A5D851-4041-403A-95F9-F4ADBA9602A0}.Release|Any CPU.Build.0 = Release|Any CPU
		{A3A5D851-4041-403A-95F9-F4ADBA9602A0}.Release|x64.ActiveCfg = Release|Any CPU
		{A3A5D851-4041-403A-95F9-F4ADBA9602A0}.Release|x64.Build.0 = Release|Any CPU
		{A3A5D851-4041-403A-95F9-F4ADBA9602A0}.Release|x86.ActiveCfg = Release|Any CPU
		{A3A5D851-4041-403A-95F9-F4ADBA9602A0}.Release|x86.Build.0 = Release|Any CPU
		{C763BC05-5587-479E-8225-AA33F1F8F55B}.Debug|Any CPU.ActiveCfg = Debug|Any CPU
		{C763BC05-5587-479E-8225-AA33F1F8F55B}.Debug|Any CPU.Build.0 = Debug|Any CPU
		{C763BC05-5587-479E-8225-AA33F1F8F55B}.Debug|x64.ActiveCfg = Debug|Any CPU
		{C763BC05-5587-479E-8225-AA33F1F8F55B}.Debug|x64.Build.0 = Debug|Any CPU
		{C763BC05-5587-479E-8225-AA33F1F8F55B}.Debug|x86.ActiveCfg = Debug|Any CPU
		{C763BC05-5587-479E-8225-AA33F1F8F55B}.Debug|x86.Build.0 = Debug|Any CPU
		{C763BC05-5587-479E-8225-AA33F1F8F55B}.Release|Any CPU.ActiveCfg = Release|Any CPU
		{C763BC05-5587-479E-8225-AA33F1F8F55B}.Release|Any CPU.Build.0 = Release|Any CPU
		{C763BC05-5587-479E-8225-AA33F1F8F55B}.Release|x64.ActiveCfg = Release|Any CPU
		{C763BC05-5587-479E-8225-AA33F1F8F55B}.Release|x64.Build.0 = Release|Any CPU
		{C763BC05-5587-479E-8225-AA33F1F8F55B}.Release|x86.ActiveCfg = Release|Any CPU
		{C763BC05-5587-479E-8225-AA33F1F8F55B}.Release|x86.Build.0 = Release|Any CPU
	EndGlobalSection
	GlobalSection(SolutionProperties) = preSolution
		HideSolutionNode = FALSE
	EndGlobalSection
	GlobalSection(NestedProjects) = preSolution
		{B5F20CDD-025F-4BD8-A1AF-0F3EC9B6E8E4} = {AD84CF32-2208-43FD-95CE-31DF8DFEB2CD}
		{A3A5D851-4041-403A-95F9-F4ADBA9602A0} = {AD84CF32-2208-43FD-95CE-31DF8DFEB2CD}
		{C763BC05-5587-479E-8225-AA33F1F8F55B} = {AD84CF32-2208-43FD-95CE-31DF8DFEB2CD}
	EndGlobalSection
	GlobalSection(ExtensibilityGlobals) = postSolution
		SolutionGuid = {A7580602-9393-4620-89A0-6BFD34FFB7E0}
	EndGlobalSection
EndGlobal
