
Microsoft Visual Studio Solution File, Format Version 12.00
# Visual Studio Version 17
VisualStudioVersion = 17.4.33110.190
MinimumVisualStudioVersion = 10.0.40219.1
Project("{9A19103F-16F7-4668-BE54-9A1E7A4F7556}") = "Markdown.Avalonia.Tight", "Markdown.Avalonia.Tight\Markdown.Avalonia.Tight.csproj", "{B5FBF669-6012-4A62-9EAC-9ECB7BD599FC}"
EndProject
Project("{9A19103F-16F7-4668-BE54-9A1E7A4F7556}") = "ColorTextBlock.Avalonia", "ColorTextBlock.Avalonia\ColorTextBlock.Avalonia.csproj", "{E4F9286F-A812-476E-A37D-EE2B8ED5D958}"
EndProject
Project("{9A19103F-16F7-4668-BE54-9A1E7A4F7556}") = "Markdown.AvaloniaDemo", "demos\Markdown.AvaloniaDemo\Markdown.AvaloniaDemo.csproj", "{51318A0F-CB37-4DA2-8AE1-BB985B0A4028}"
EndProject
Project("{9A19103F-16F7-4668-BE54-9A1E7A4F7556}") = "Markdown.AvaloniaFluentDemo", "demos\Markdown.AvaloniaFluentDemo\Markdown.AvaloniaFluentDemo.csproj", "{BC6B016B-B353-4E73-A98E-556DC70E5850}"
EndProject
Project("{2150E333-8FDC-42A3-9474-1A3956D46DE8}") = "tests", "tests", "{AD84CF32-2208-43FD-95CE-31DF8DFEB2CD}"
EndProject
Project("{9A19103F-16F7-4668-BE54-9A1E7A4F7556}") = "UnitTest.Base", "tests\UnitTest.Base\UnitTest.Base.csproj", "{B5F20CDD-025F-4BD8-A1AF-0F3EC9B6E8E4}"
EndProject
Project("{9A19103F-16F7-4668-BE54-9A1E7A4F7556}") = "UnitTest.CTxt", "tests\UnitTest.CTxt\UnitTest.CTxt.csproj", "{A3A5D851-4041-403A-95F9-F4ADBA9602A0}"
EndProject
Project("{9A19103F-16F7-4668-BE54-9A1E7A4F7556}") = "UnitTest.Md", "tests\UnitTest.Md\UnitTest.Md.csproj", "{C763BC05-5587-479E-8225-AA33F1F8F55B}"
EndProject
Project("{9A19103F-16F7-4668-BE54-9A1E7A4F7556}") = "Markdown.Avalonia", "Markdown.Avalonia\Markdown.Avalonia.csproj", "{29F1D11A-4490-4E50-AE72-72DBBA0157BE}"
EndProject
Project("{9A19103F-16F7-4668-BE54-9A1E7A4F7556}") = "UnitTest.MdSyntax", "tests\UnitTest.MdSyntax\UnitTest.MdSyntax.csproj", "{BC356FD7-5D47-495A-9255-A4199AA8E3A1}"
EndProject
Project("{9A19103F-16F7-4668-BE54-9A1E7A4F7556}") = "Markdown.Avalonia.SyntaxHigh", "Markdown.Avalonia.SyntaxHigh\Markdown.Avalonia.SyntaxHigh.csproj", "{B3438E36-4598-49FB-8E52-65C231978E4D}"
EndProject
Project("{9A19103F-16F7-4668-BE54-9A1E7A4F7556}") = "Markdown.AvaloniaFluentAvaloniaDemo", "demos\Markdown.AvaloniaFluentAvaloniaDemo\Markdown.AvaloniaFluentAvaloniaDemo.csproj", "{58E76A9C-D28E-45BD-85F2-885FF3E4B363}"
EndProject
Project("{9A19103F-16F7-4668-BE54-9A1E7A4F7556}") = "Markdown.Avalonia.Svg", "Markdown.Avalonia.Svg\Markdown.Avalonia.Svg.csproj", "{0514B7E7-23D6-4B9D-8943-995AE57493C1}"
EndProject
Project("{2150E333-8FDC-42A3-9474-1A3956D46DE8}") = "demos", "demos", "{8F902BB3-7573-4180-A911-6CC019E999CC}"
EndProject
Project("{9A19103F-16F7-4668-BE54-9A1E7A4F7556}") = "Markdown.Avalonia.Html", "Markdown.Avalonia.Html\Markdown.Avalonia.Html.csproj", "{CDAC497D-BF0F-48F0-A156-8DE2DAB15492}"
EndProject
Project("{9A19103F-16F7-4668-BE54-9A1E7A4F7556}") = "UnitTest.MdHtml", "tests\UnitTest.MdHtml\UnitTest.MdHtml.csproj", "{6034AA93-6F76-4F4B-B8AC-0A20E3BD35FF}"
EndProject
Project("{9A19103F-16F7-4668-BE54-9A1E7A4F7556}") = "ColorDocument.Avalonia", "ColorDocument.Avalonia\ColorDocument.Avalonia.csproj", "{008A6F1F-A1D9-45ED-B3CF-3106A59A4417}"
EndProject
Project("{2150E333-8FDC-42A3-9474-1A3956D46DE8}") = "benchmark", "benchmark", "{F5ED37EA-8110-4262-9310-3990EE6D9BFE}"
EndProject
Project("{9A19103F-16F7-4668-BE54-9A1E7A4F7556}") = "MdAvBench", "benchmark\MdAvBench\MdAvBench.csproj", "{57CC28E5-9915-4AFA-A5E5-B7977BBF8589}"
EndProject
Project("{FAE04EC0-301F-11D3-BF4B-00C04F79EFBC}") = "Markdown.Avalonia.Mermaid", "Markdown.Avalonia.Mermaid\Markdown.Avalonia.Mermaid.csproj", "{8919DF8B-BFE8-49C0-8746-7BFFEF1E355A}"
EndProject
Global
	GlobalSection(SolutionConfigurationPlatforms) = preSolution
		Debug|Any CPU = Debug|Any CPU
		Debug|x64 = Debug|x64
		Debug|x86 = Debug|x86
		Release|Any CPU = Release|Any CPU
		Release|x64 = Release|x64
		Release|x86 = Release|x86
	EndGlobalSection
	GlobalSection(ProjectConfigurationPlatforms) = postSolution
		{B5FBF669-6012-4A62-9EAC-9ECB7BD599FC}.Debug|Any CPU.ActiveCfg = Debug|Any CPU
		{B5FBF669-6012-4A62-9EAC-9ECB7BD599FC}.Debug|Any CPU.Build.0 = Debug|Any CPU
		{B5FBF669-6012-4A62-9EAC-9ECB7BD599FC}.Debug|x64.ActiveCfg = Debug|Any CPU
		{B5FBF669-6012-4A62-9EAC-9ECB7BD599FC}.Debug|x64.Build.0 = Debug|Any CPU
		{B5FBF669-6012-4A62-9EAC-9ECB7BD599FC}.Debug|x86.ActiveCfg = Debug|Any CPU
		{B5FBF669-6012-4A62-9EAC-9ECB7BD599FC}.Debug|x86.Build.0 = Debug|Any CPU
		{B5FBF669-6012-4A62-9EAC-9ECB7BD599FC}.Release|Any CPU.ActiveCfg = Release|Any CPU
		{B5FBF669-6012-4A62-9EAC-9ECB7BD599FC}.Release|Any CPU.Build.0 = Release|Any CPU
		{B5FBF669-6012-4A62-9EAC-9ECB7BD599FC}.Release|x64.ActiveCfg = Release|Any CPU
		{B5FBF669-6012-4A62-9EAC-9ECB7BD599FC}.Release|x64.Build.0 = Release|Any CPU
		{B5FBF669-6012-4A62-9EAC-9ECB7BD599FC}.Release|x86.ActiveCfg = Release|Any CPU
		{B5FBF669-6012-4A62-9EAC-9ECB7BD599FC}.Release|x86.Build.0 = Release|Any CPU
		{E4F9286F-A812-476E-A37D-EE2B8ED5D958}.Debug|Any CPU.ActiveCfg = Debug|Any CPU
		{E4F9286F-A812-476E-A37D-EE2B8ED5D958}.Debug|Any CPU.Build.0 = Debug|Any CPU
		{E4F9286F-A812-476E-A37D-EE2B8ED5D958}.Debug|x64.ActiveCfg = Debug|Any CPU
		{E4F9286F-A812-476E-A37D-EE2B8ED5D958}.Debug|x64.Build.0 = Debug|Any CPU
		{E4F9286F-A812-476E-A37D-EE2B8ED5D958}.Debug|x86.ActiveCfg = Debug|Any CPU
		{E4F9286F-A812-476E-A37D-EE2B8ED5D958}.Debug|x86.Build.0 = Debug|Any CPU
		{E4F9286F-A812-476E-A37D-EE2B8ED5D958}.Release|Any CPU.ActiveCfg = Release|Any CPU
		{E4F9286F-A812-476E-A37D-EE2B8ED5D958}.Release|Any CPU.Build.0 = Release|Any CPU
		{E4F9286F-A812-476E-A37D-EE2B8ED5D958}.Release|x64.ActiveCfg = Release|Any CPU
		{E4F9286F-A812-476E-A37D-EE2B8ED5D958}.Release|x64.Build.0 = Release|Any CPU
		{E4F9286F-A812-476E-A37D-EE2B8ED5D958}.Release|x86.ActiveCfg = Release|Any CPU
		{E4F9286F-A812-476E-A37D-EE2B8ED5D958}.Release|x86.Build.0 = Release|Any CPU
		{51318A0F-CB37-4DA2-8AE1-BB985B0A4028}.Debug|Any CPU.ActiveCfg = Debug|Any CPU
		{51318A0F-CB37-4DA2-8AE1-BB985B0A4028}.Debug|Any CPU.Build.0 = Debug|Any CPU
		{51318A0F-CB37-4DA2-8AE1-BB985B0A4028}.Debug|x64.ActiveCfg = Debug|Any CPU
		{51318A0F-CB37-4DA2-8AE1-BB985B0A4028}.Debug|x64.Build.0 = Debug|Any CPU
		{51318A0F-CB37-4DA2-8AE1-BB985B0A4028}.Debug|x86.ActiveCfg = Debug|Any CPU
		{51318A0F-CB37-4DA2-8AE1-BB985B0A4028}.Debug|x86.Build.0 = Debug|Any CPU
		{51318A0F-CB37-4DA2-8AE1-BB985B0A4028}.Release|Any CPU.ActiveCfg = Release|Any CPU
		{51318A0F-CB37-4DA2-8AE1-BB985B0A4028}.Release|Any CPU.Build.0 = Release|Any CPU
		{51318A0F-CB37-4DA2-8AE1-BB985B0A4028}.Release|x64.ActiveCfg = Release|Any CPU
		{51318A0F-CB37-4DA2-8AE1-BB985B0A4028}.Release|x64.Build.0 = Release|Any CPU
		{51318A0F-CB37-4DA2-8AE1-BB985B0A4028}.Release|x86.ActiveCfg = Release|Any CPU
		{51318A0F-CB37-4DA2-8AE1-BB985B0A4028}.Release|x86.Build.0 = Release|Any CPU
		{BC6B016B-B353-4E73-A98E-556DC70E5850}.Debug|Any CPU.ActiveCfg = Debug|Any CPU
		{BC6B016B-B353-4E73-A98E-556DC70E5850}.Debug|Any CPU.Build.0 = Debug|Any CPU
		{BC6B016B-B353-4E73-A98E-556DC70E5850}.Debug|x64.ActiveCfg = Debug|Any CPU
		{BC6B016B-B353-4E73-A98E-556DC70E5850}.Debug|x64.Build.0 = Debug|Any CPU
		{BC6B016B-B353-4E73-A98E-556DC70E5850}.Debug|x86.ActiveCfg = Debug|Any CPU
		{BC6B016B-B353-4E73-A98E-556DC70E5850}.Debug|x86.Build.0 = Debug|Any CPU
		{BC6B016B-B353-4E73-A98E-556DC70E5850}.Release|Any CPU.ActiveCfg = Release|Any CPU
		{BC6B016B-B353-4E73-A98E-556DC70E5850}.Release|Any CPU.Build.0 = Release|Any CPU
		{BC6B016B-B353-4E73-A98E-556DC70E5850}.Release|x64.ActiveCfg = Release|Any CPU
		{BC6B016B-B353-4E73-A98E-556DC70E5850}.Release|x64.Build.0 = Release|Any CPU
		{BC6B016B-B353-4E73-A98E-556DC70E5850}.Release|x86.ActiveCfg = Release|Any CPU
		{BC6B016B-B353-4E73-A98E-556DC70E5850}.Release|x86.Build.0 = Release|Any CPU
		{B5F20CDD-025F-4BD8-A1AF-0F3EC9B6E8E4}.Debug|Any CPU.ActiveCfg = Debug|Any CPU
		{B5F20CDD-025F-4BD8-A1AF-0F3EC9B6E8E4}.Debug|Any CPU.Build.0 = Debug|Any CPU
		{B5F20CDD-025F-4BD8-A1AF-0F3EC9B6E8E4}.Debug|x64.ActiveCfg = Debug|Any CPU
		{B5F20CDD-025F-4BD8-A1AF-0F3EC9B6E8E4}.Debug|x64.Build.0 = Debug|Any CPU
		{B5F20CDD-025F-4BD8-A1AF-0F3EC9B6E8E4}.Debug|x86.ActiveCfg = Debug|Any CPU
		{B5F20CDD-025F-4BD8-A1AF-0F3EC9B6E8E4}.Debug|x86.Build.0 = Debug|Any CPU
		{B5F20CDD-025F-4BD8-A1AF-0F3EC9B6E8E4}.Release|Any CPU.ActiveCfg = Release|Any CPU
		{B5F20CDD-025F-4BD8-A1AF-0F3EC9B6E8E4}.Release|Any CPU.Build.0 = Release|Any CPU
		{B5F20CDD-025F-4BD8-A1AF-0F3EC9B6E8E4}.Release|x64.ActiveCfg = Release|Any CPU
		{B5F20CDD-025F-4BD8-A1AF-0F3EC9B6E8E4}.Release|x64.Build.0 = Release|Any CPU
		{B5F20CDD-025F-4BD8-A1AF-0F3EC9B6E8E4}.Release|x86.ActiveCfg = Release|Any CPU
		{B5F20CDD-025F-4BD8-A1AF-0F3EC9B6E8E4}.Release|x86.Build.0 = Release|Any CPU
		{A3A5D851-4041-403A-95F9-F4ADBA9602A0}.Debug|Any CPU.ActiveCfg = Debug|Any CPU
		{A3A5D851-4041-403A-95F9-F4ADBA9602A0}.Debug|Any CPU.Build.0 = Debug|Any CPU
		{A3A5D851-4041-403A-95F9-F4ADBA9602A0}.Debug|x64.ActiveCfg = Debug|Any CPU
		{A3A5D851-4041-403A-95F9-F4ADBA9602A0}.Debug|x64.Build.0 = Debug|Any CPU
		{A3A5D851-4041-403A-95F9-F4ADBA9602A0}.Debug|x86.ActiveCfg = Debug|Any CPU
		{A3A5D851-4041-403A-95F9-F4ADBA9602A0}.Debug|x86.Build.0 = Debug|Any CPU
		{A3A5D851-4041-403A-95F9-F4ADBA9602A0}.Release|Any CPU.ActiveCfg = Release|Any CPU
		{A3A5D851-4041-403A-95F9-F4ADBA9602A0}.Release|Any CPU.Build.0 = Release|Any CPU
		{A3A5D851-4041-403A-95F9-F4ADBA9602A0}.Release|x64.ActiveCfg = Release|Any CPU
		{A3A5D851-4041-403A-95F9-F4ADBA9602A0}.Release|x64.Build.0 = Release|Any CPU
		{A3A5D851-4041-403A-95F9-F4ADBA9602A0}.Release|x86.ActiveCfg = Release|Any CPU
		{A3A5D851-4041-403A-95F9-F4ADBA9602A0}.Release|x86.Build.0 = Release|Any CPU
		{C763BC05-5587-479E-8225-AA33F1F8F55B}.Debug|Any CPU.ActiveCfg = Debug|Any CPU
		{C763BC05-5587-479E-8225-AA33F1F8F55B}.Debug|Any CPU.Build.0 = Debug|Any CPU
		{C763BC05-5587-479E-8225-AA33F1F8F55B}.Debug|x64.ActiveCfg = Debug|Any CPU
		{C763BC05-5587-479E-8225-AA33F1F8F55B}.Debug|x64.Build.0 = Debug|Any CPU
		{C763BC05-5587-479E-8225-AA33F1F8F55B}.Debug|x86.ActiveCfg = Debug|Any CPU
		{C763BC05-5587-479E-8225-AA33F1F8F55B}.Debug|x86.Build.0 = Debug|Any CPU
		{C763BC05-5587-479E-8225-AA33F1F8F55B}.Release|Any CPU.ActiveCfg = Release|Any CPU
		{C763BC05-5587-479E-8225-AA33F1F8F55B}.Release|Any CPU.Build.0 = Release|Any CPU
		{C763BC05-5587-479E-8225-AA33F1F8F55B}.Release|x64.ActiveCfg = Release|Any CPU
		{C763BC05-5587-479E-8225-AA33F1F8F55B}.Release|x64.Build.0 = Release|Any CPU
		{C763BC05-5587-479E-8225-AA33F1F8F55B}.Release|x86.ActiveCfg = Release|Any CPU
		{C763BC05-5587-479E-8225-AA33F1F8F55B}.Release|x86.Build.0 = Release|Any CPU
		{29F1D11A-4490-4E50-AE72-72DBBA0157BE}.Debug|Any CPU.ActiveCfg = Debug|Any CPU
		{29F1D11A-4490-4E50-AE72-72DBBA0157BE}.Debug|Any CPU.Build.0 = Debug|Any CPU
		{29F1D11A-4490-4E50-AE72-72DBBA0157BE}.Debug|x64.ActiveCfg = Debug|Any CPU
		{29F1D11A-4490-4E50-AE72-72DBBA0157BE}.Debug|x64.Build.0 = Debug|Any CPU
		{29F1D11A-4490-4E50-AE72-72DBBA0157BE}.Debug|x86.ActiveCfg = Debug|Any CPU
		{29F1D11A-4490-4E50-AE72-72DBBA0157BE}.Debug|x86.Build.0 = Debug|Any CPU
		{29F1D11A-4490-4E50-AE72-72DBBA0157BE}.Release|Any CPU.ActiveCfg = Release|Any CPU
		{29F1D11A-4490-4E50-AE72-72DBBA0157BE}.Release|Any CPU.Build.0 = Release|Any CPU
		{29F1D11A-4490-4E50-AE72-72DBBA0157BE}.Release|x64.ActiveCfg = Release|Any CPU
		{29F1D11A-4490-4E50-AE72-72DBBA0157BE}.Release|x64.Build.0 = Release|Any CPU
		{29F1D11A-4490-4E50-AE72-72DBBA0157BE}.Release|x86.ActiveCfg = Release|Any CPU
		{29F1D11A-4490-4E50-AE72-72DBBA0157BE}.Release|x86.Build.0 = Release|Any CPU
		{BC356FD7-5D47-495A-9255-A4199AA8E3A1}.Debug|Any CPU.ActiveCfg = Debug|Any CPU
		{BC356FD7-5D47-495A-9255-A4199AA8E3A1}.Debug|Any CPU.Build.0 = Debug|Any CPU
		{BC356FD7-5D47-495A-9255-A4199AA8E3A1}.Debug|x64.ActiveCfg = Debug|Any CPU
		{BC356FD7-5D47-495A-9255-A4199AA8E3A1}.Debug|x64.Build.0 = Debug|Any CPU
		{BC356FD7-5D47-495A-9255-A4199AA8E3A1}.Debug|x86.ActiveCfg = Debug|Any CPU
		{BC356FD7-5D47-495A-9255-A4199AA8E3A1}.Debug|x86.Build.0 = Debug|Any CPU
		{BC356FD7-5D47-495A-9255-A4199AA8E3A1}.Release|Any CPU.ActiveCfg = Release|Any CPU
		{BC356FD7-5D47-495A-9255-A4199AA8E3A1}.Release|Any CPU.Build.0 = Release|Any CPU
		{BC356FD7-5D47-495A-9255-A4199AA8E3A1}.Release|x64.ActiveCfg = Release|Any CPU
		{BC356FD7-5D47-495A-9255-A4199AA8E3A1}.Release|x64.Build.0 = Release|Any CPU
		{BC356FD7-5D47-495A-9255-A4199AA8E3A1}.Release|x86.ActiveCfg = Release|Any CPU
		{BC356FD7-5D47-495A-9255-A4199AA8E3A1}.Release|x86.Build.0 = Release|Any CPU
		{B3438E36-4598-49FB-8E52-65C231978E4D}.Debug|Any CPU.ActiveCfg = Debug|Any CPU
		{B3438E36-4598-49FB-8E52-65C231978E4D}.Debug|Any CPU.Build.0 = Debug|Any CPU
		{B3438E36-4598-49FB-8E52-65C231978E4D}.Debug|x64.ActiveCfg = Debug|Any CPU
		{B3438E36-4598-49FB-8E52-65C231978E4D}.Debug|x64.Build.0 = Debug|Any CPU
		{B3438E36-4598-49FB-8E52-65C231978E4D}.Debug|x86.ActiveCfg = Debug|Any CPU
		{B3438E36-4598-49FB-8E52-65C231978E4D}.Debug|x86.Build.0 = Debug|Any CPU
		{B3438E36-4598-49FB-8E52-65C231978E4D}.Release|Any CPU.ActiveCfg = Release|Any CPU
		{B3438E36-4598-49FB-8E52-65C231978E4D}.Release|Any CPU.Build.0 = Release|Any CPU
		{B3438E36-4598-49FB-8E52-65C231978E4D}.Release|x64.ActiveCfg = Release|Any CPU
		{B3438E36-4598-49FB-8E52-65C231978E4D}.Release|x64.Build.0 = Release|Any CPU
		{B3438E36-4598-49FB-8E52-65C231978E4D}.Release|x86.ActiveCfg = Release|Any CPU
		{B3438E36-4598-49FB-8E52-65C231978E4D}.Release|x86.Build.0 = Release|Any CPU
		{58E76A9C-D28E-45BD-85F2-885FF3E4B363}.Debug|Any CPU.ActiveCfg = Debug|Any CPU
		{58E76A9C-D28E-45BD-85F2-885FF3E4B363}.Debug|Any CPU.Build.0 = Debug|Any CPU
		{58E76A9C-D28E-45BD-85F2-885FF3E4B363}.Debug|x64.ActiveCfg = Debug|Any CPU
		{58E76A9C-D28E-45BD-85F2-885FF3E4B363}.Debug|x64.Build.0 = Debug|Any CPU
		{58E76A9C-D28E-45BD-85F2-885FF3E4B363}.Debug|x86.ActiveCfg = Debug|Any CPU
		{58E76A9C-D28E-45BD-85F2-885FF3E4B363}.Debug|x86.Build.0 = Debug|Any CPU
		{58E76A9C-D28E-45BD-85F2-885FF3E4B363}.Release|Any CPU.ActiveCfg = Release|Any CPU
		{58E76A9C-D28E-45BD-85F2-885FF3E4B363}.Release|Any CPU.Build.0 = Release|Any CPU
		{58E76A9C-D28E-45BD-85F2-885FF3E4B363}.Release|x64.ActiveCfg = Release|Any CPU
		{58E76A9C-D28E-45BD-85F2-885FF3E4B363}.Release|x64.Build.0 = Release|Any CPU
		{58E76A9C-D28E-45BD-85F2-885FF3E4B363}.Release|x86.ActiveCfg = Release|Any CPU
		{58E76A9C-D28E-45BD-85F2-885FF3E4B363}.Release|x86.Build.0 = Release|Any CPU
		{0514B7E7-23D6-4B9D-8943-995AE57493C1}.Debug|Any CPU.ActiveCfg = Debug|Any CPU
		{0514B7E7-23D6-4B9D-8943-995AE57493C1}.Debug|Any CPU.Build.0 = Debug|Any CPU
		{0514B7E7-23D6-4B9D-8943-995AE57493C1}.Debug|x64.ActiveCfg = Debug|Any CPU
		{0514B7E7-23D6-4B9D-8943-995AE57493C1}.Debug|x64.Build.0 = Debug|Any CPU
		{0514B7E7-23D6-4B9D-8943-995AE57493C1}.Debug|x86.ActiveCfg = Debug|Any CPU
		{0514B7E7-23D6-4B9D-8943-995AE57493C1}.Debug|x86.Build.0 = Debug|Any CPU
		{0514B7E7-23D6-4B9D-8943-995AE57493C1}.Release|Any CPU.ActiveCfg = Release|Any CPU
		{0514B7E7-23D6-4B9D-8943-995AE57493C1}.Release|Any CPU.Build.0 = Release|Any CPU
		{0514B7E7-23D6-4B9D-8943-995AE57493C1}.Release|x64.ActiveCfg = Release|Any CPU
		{0514B7E7-23D6-4B9D-8943-995AE57493C1}.Release|x64.Build.0 = Release|Any CPU
		{0514B7E7-23D6-4B9D-8943-995AE57493C1}.Release|x86.ActiveCfg = Release|Any CPU
		{0514B7E7-23D6-4B9D-8943-995AE57493C1}.Release|x86.Build.0 = Release|Any CPU
		{CDAC497D-BF0F-48F0-A156-8DE2DAB15492}.Debug|Any CPU.ActiveCfg = Debug|Any CPU
		{CDAC497D-BF0F-48F0-A156-8DE2DAB15492}.Debug|Any CPU.Build.0 = Debug|Any CPU
		{CDAC497D-BF0F-48F0-A156-8DE2DAB15492}.Debug|x64.ActiveCfg = Debug|Any CPU
		{CDAC497D-BF0F-48F0-A156-8DE2DAB15492}.Debug|x64.Build.0 = Debug|Any CPU
		{CDAC497D-BF0F-48F0-A156-8DE2DAB15492}.Debug|x86.ActiveCfg = Debug|Any CPU
		{CDAC497D-BF0F-48F0-A156-8DE2DAB15492}.Debug|x86.Build.0 = Debug|Any CPU
		{CDAC497D-BF0F-48F0-A156-8DE2DAB15492}.Release|Any CPU.ActiveCfg = Release|Any CPU
		{CDAC497D-BF0F-48F0-A156-8DE2DAB15492}.Release|Any CPU.Build.0 = Release|Any CPU
		{CDAC497D-BF0F-48F0-A156-8DE2DAB15492}.Release|x64.ActiveCfg = Release|Any CPU
		{CDAC497D-BF0F-48F0-A156-8DE2DAB15492}.Release|x64.Build.0 = Release|Any CPU
		{CDAC497D-BF0F-48F0-A156-8DE2DAB15492}.Release|x86.ActiveCfg = Release|Any CPU
		{CDAC497D-BF0F-48F0-A156-8DE2DAB15492}.Release|x86.Build.0 = Release|Any CPU
		{6034AA93-6F76-4F4B-B8AC-0A20E3BD35FF}.Debug|Any CPU.ActiveCfg = Debug|Any CPU
		{6034AA93-6F76-4F4B-B8AC-0A20E3BD35FF}.Debug|Any CPU.Build.0 = Debug|Any CPU
		{6034AA93-6F76-4F4B-B8AC-0A20E3BD35FF}.Debug|x64.ActiveCfg = Debug|Any CPU
		{6034AA93-6F76-4F4B-B8AC-0A20E3BD35FF}.Debug|x64.Build.0 = Debug|Any CPU
		{6034AA93-6F76-4F4B-B8AC-0A20E3BD35FF}.Debug|x86.ActiveCfg = Debug|Any CPU
		{6034AA93-6F76-4F4B-B8AC-0A20E3BD35FF}.Debug|x86.Build.0 = Debug|Any CPU
		{6034AA93-6F76-4F4B-B8AC-0A20E3BD35FF}.Release|Any CPU.ActiveCfg = Release|Any CPU
		{6034AA93-6F76-4F4B-B8AC-0A20E3BD35FF}.Release|Any CPU.Build.0 = Release|Any CPU
		{6034AA93-6F76-4F4B-B8AC-0A20E3BD35FF}.Release|x64.ActiveCfg = Release|Any CPU
		{6034AA93-6F76-4F4B-B8AC-0A20E3BD35FF}.Release|x64.Build.0 = Release|Any CPU
		{6034AA93-6F76-4F4B-B8AC-0A20E3BD35FF}.Release|x86.ActiveCfg = Release|Any CPU
		{6034AA93-6F76-4F4B-B8AC-0A20E3BD35FF}.Release|x86.Build.0 = Release|Any CPU
		{008A6F1F-A1D9-45ED-B3CF-3106A59A4417}.Debug|Any CPU.ActiveCfg = Debug|Any CPU
		{008A6F1F-A1D9-45ED-B3CF-3106A59A4417}.Debug|Any CPU.Build.0 = Debug|Any CPU
		{008A6F1F-A1D9-45ED-B3CF-3106A59A4417}.Debug|x64.ActiveCfg = Debug|Any CPU
		{008A6F1F-A1D9-45ED-B3CF-3106A59A4417}.Debug|x64.Build.0 = Debug|Any CPU
		{008A6F1F-A1D9-45ED-B3CF-3106A59A4417}.Debug|x86.ActiveCfg = Debug|Any CPU
		{008A6F1F-A1D9-45ED-B3CF-3106A59A4417}.Debug|x86.Build.0 = Debug|Any CPU
		{008A6F1F-A1D9-45ED-B3CF-3106A59A4417}.Release|Any CPU.ActiveCfg = Release|Any CPU
		{008A6F1F-A1D9-45ED-B3CF-3106A59A4417}.Release|Any CPU.Build.0 = Release|Any CPU
		{008A6F1F-A1D9-45ED-B3CF-3106A59A4417}.Release|x64.ActiveCfg = Release|Any CPU
		{008A6F1F-A1D9-45ED-B3CF-3106A59A4417}.Release|x64.Build.0 = Release|Any CPU
		{008A6F1F-A1D9-45ED-B3CF-3106A59A4417}.Release|x86.ActiveCfg = Release|Any CPU
		{008A6F1F-A1D9-45ED-B3CF-3106A59A4417}.Release|x86.Build.0 = Release|Any CPU
		{57CC28E5-9915-4AFA-A5E5-B7977BBF8589}.Debug|Any CPU.ActiveCfg = Debug|Any CPU
		{57CC28E5-9915-4AFA-A5E5-B7977BBF8589}.Debug|Any CPU.Build.0 = Debug|Any CPU
		{57CC28E5-9915-4AFA-A5E5-B7977BBF8589}.Debug|x64.ActiveCfg = Debug|Any CPU
		{57CC28E5-9915-4AFA-A5E5-B7977BBF8589}.Debug|x64.Build.0 = Debug|Any CPU
		{57CC28E5-9915-4AFA-A5E5-B7977BBF8589}.Debug|x86.ActiveCfg = Debug|Any CPU
		{57CC28E5-9915-4AFA-A5E5-B7977BBF8589}.Debug|x86.Build.0 = Debug|Any CPU
		{57CC28E5-9915-4AFA-A5E5-B7977BBF8589}.Release|Any CPU.ActiveCfg = Release|Any CPU
		{57CC28E5-9915-4AFA-A5E5-B7977BBF8589}.Release|Any CPU.Build.0 = Release|Any CPU
		{57CC28E5-9915-4AFA-A5E5-B7977BBF8589}.Release|x64.ActiveCfg = Release|Any CPU
		{57CC28E5-9915-4AFA-A5E5-B7977BBF8589}.Release|x64.Build.0 = Release|Any CPU
		{57CC28E5-9915-4AFA-A5E5-B7977BBF8589}.Release|x86.ActiveCfg = Release|Any CPU
		{57CC28E5-9915-4AFA-A5E5-B7977BBF8589}.Release|x86.Build.0 = Release|Any CPU
		{8919DF8B-BFE8-49C0-8746-7BFFEF1E355A}.Debug|Any CPU.ActiveCfg = Debug|Any CPU
		{8919DF8B-BFE8-49C0-8746-7BFFEF1E355A}.Debug|Any CPU.Build.0 = Debug|Any CPU
		{8919DF8B-BFE8-49C0-8746-7BFFEF1E355A}.Debug|x64.ActiveCfg = Debug|Any CPU
		{8919DF8B-BFE8-49C0-8746-7BFFEF1E355A}.Debug|x64.Build.0 = Debug|Any CPU
		{8919DF8B-BFE8-49C0-8746-7BFFEF1E355A}.Debug|x86.ActiveCfg = Debug|Any CPU
		{8919DF8B-BFE8-49C0-8746-7BFFEF1E355A}.Debug|x86.Build.0 = Debug|Any CPU
		{8919DF8B-BFE8-49C0-8746-7BFFEF1E355A}.Release|Any CPU.ActiveCfg = Release|Any CPU
		{8919DF8B-BFE8-49C0-8746-7BFFEF1E355A}.Release|Any CPU.Build.0 = Release|Any CPU
		{8919DF8B-BFE8-49C0-8746-7BFFEF1E355A}.Release|x64.ActiveCfg = Release|Any CPU
		{8919DF8B-BFE8-49C0-8746-7BFFEF1E355A}.Release|x64.Build.0 = Release|Any CPU
		{8919DF8B-BFE8-49C0-8746-7BFFEF1E355A}.Release|x86.ActiveCfg = Release|Any CPU
		{8919DF8B-BFE8-49C0-8746-7BFFEF1E355A}.Release|x86.Build.0 = Release|Any CPU
	EndGlobalSection
	GlobalSection(SolutionProperties) = preSolution
		HideSolutionNode = FALSE
	EndGlobalSection
	GlobalSection(NestedProjects) = preSolution
		{51318A0F-CB37-4DA2-8AE1-BB985B0A4028} = {8F902BB3-7573-4180-A911-6CC019E999CC}
		{BC6B016B-B353-4E73-A98E-556DC70E5850} = {8F902BB3-7573-4180-A911-6CC019E999CC}
		{B5F20CDD-025F-4BD8-A1AF-0F3EC9B6E8E4} = {AD84CF32-2208-43FD-95CE-31DF8DFEB2CD}
		{A3A5D851-4041-403A-95F9-F4ADBA9602A0} = {AD84CF32-2208-43FD-95CE-31DF8DFEB2CD}
		{C763BC05-5587-479E-8225-AA33F1F8F55B} = {AD84CF32-2208-43FD-95CE-31DF8DFEB2CD}
		{BC356FD7-5D47-495A-9255-A4199AA8E3A1} = {AD84CF32-2208-43FD-95CE-31DF8DFEB2CD}
		{58E76A9C-D28E-45BD-85F2-885FF3E4B363} = {8F902BB3-7573-4180-A911-6CC019E999CC}
		{6034AA93-6F76-4F4B-B8AC-0A20E3BD35FF} = {AD84CF32-2208-43FD-95CE-31DF8DFEB2CD}
		{57CC28E5-9915-4AFA-A5E5-B7977BBF8589} = {F5ED37EA-8110-4262-9310-3990EE6D9BFE}
	EndGlobalSection
	GlobalSection(ExtensibilityGlobals) = postSolution
		SolutionGuid = {A7580602-9393-4620-89A0-6BFD34FFB7E0}
	EndGlobalSection
EndGlobal
