
Microsoft Visual Studio Solution File, Format Version 12.00
# Visual Studio Version 16
VisualStudioVersion = 16.0.29519.181
MinimumVisualStudioVersion = 10.0.40219.1
Project("{9A19103F-16F7-4668-BE54-9A1E7A4F7556}") = "MdXaml", "MdXaml\MdXaml.csproj", "{3B285B6B-C6C9-4FF5-AD2B-04808862D81E}"
EndProject
Project("{9A19103F-16F7-4668-BE54-9A1E7A4F7556}") = "MdXaml.Demo", "MdXaml.Demo\MdXaml.Demo.csproj", "{68CFBE0C-F19B-4462-BE8C-A971A479E848}"
EndProject
Global
	GlobalSection(SolutionConfigurationPlatforms) = preSolution
		Debug|Any CPU = Debug|Any CPU
		Release|Any CPU = Release|Any CPU
	EndGlobalSection
	GlobalSection(ProjectConfigurationPlatforms) = postSolution
		{3B285B6B-C6C9-4FF5-AD2B-04808862D81E}.Debug|Any CPU.ActiveCfg = Debug|Any CPU
		{3B285B6B-C6C9-4FF5-AD2B-04808862D81E}.Debug|Any CPU.Build.0 = Debug|Any CPU
		{3B285B6B-C6C9-4FF5-AD2B-04808862D81E}.Release|Any CPU.ActiveCfg = Release|Any CPU
		{3B285B6B-C6C9-4FF5-AD2B-04808862D81E}.Release|Any CPU.Build.0 = Release|Any CPU
		{68CFBE0C-F19B-4462-BE8C-A971A479E848}.Debug|Any CPU.ActiveCfg = Debug|Any CPU
		{68CFBE0C-F19B-4462-BE8C-A971A479E848}.Debug|Any CPU.Build.0 = Debug|Any CPU
		{68CFBE0C-F19B-4462-BE8C-A971A479E848}.Release|Any CPU.ActiveCfg = Release|Any CPU
		{68CFBE0C-F19B-4462-BE8C-A971A479E848}.Release|Any CPU.Build.0 = Release|Any CPU
	EndGlobalSection
	GlobalSection(SolutionProperties) = preSolution
		HideSolutionNode = FALSE
	EndGlobalSection
	GlobalSection(ExtensibilityGlobals) = postSolution
		SolutionGuid = {23DF7019-3B25-4B82-8955-25F1DDD72D84}
	EndGlobalSection
EndGlobal
