
Microsoft Visual Studio Solution File, Format Version 12.00
# Visual Studio Version 16
VisualStudioVersion = 16.0.30413.136
MinimumVisualStudioVersion = 10.0.40219.1
Project("{9A19103F-16F7-4668-BE54-9A1E7A4F7556}") = "HowToUse", "HowToUse\HowToUse.csproj", "{2C4278EF-8E15-4EEF-BE28-F69894D1D71C}"
EndProject
Global
	GlobalSection(SolutionConfigurationPlatforms) = preSolution
		Debug|Any CPU = Debug|Any CPU
		Release|Any CPU = Release|Any CPU
	EndGlobalSection
	GlobalSection(ProjectConfigurationPlatforms) = postSolution
		{2C4278EF-8E15-4EEF-BE28-F69894D1D71C}.Debug|Any CPU.ActiveCfg = Debug|Any CPU
		{2C4278EF-8E15-4EEF-BE28-F69894D1D71C}.Debug|Any CPU.Build.0 = Debug|Any CPU
		{2C4278EF-8E15-4EEF-BE28-F69894D1D71C}.Release|Any CPU.ActiveCfg = Release|Any CPU
		{2C4278EF-8E15-4EEF-BE28-F69894D1D71C}.Release|Any CPU.Build.0 = Release|Any CPU
	EndGlobalSection
	GlobalSection(SolutionProperties) = preSolution
		HideSolutionNode = FALSE
	EndGlobalSection
	GlobalSection(ExtensibilityGlobals) = postSolution
		SolutionGuid = {846F5F47-9FFB-45AA-A4B8-5CCAC8104D31}
	EndGlobalSection
EndGlobal
